
Microsoft Visual Studio Solution File, Format Version 12.00
# Visual Studio Version 17
VisualStudioVersion = 17.14.36511.14
MinimumVisualStudioVersion = 10.0.40219.1
Project("{D954291E-2A0B-460D-934E-DC6B0785DB48}") = "SharedTests", "SharedTests\SharedTests.shproj", "{C6648331-8EA0-4C08-A306-338BD880E332}"
EndProject
Project("{FAE04EC0-301F-11D3-BF4B-00C04F79EFBC}") = "PackageUsage.NetFramework.Tests", "PackageUsage.NetFramework.Tests\PackageUsage.NetFramework.Tests.csproj", "{BDBD6E16-2141-42D4-A1CC-1C9796CD62AB}"
EndProject
Project("{FAE04EC0-301F-11D3-BF4B-00C04F79EFBC}") = "PackageUsage.Net.Tests", "PackageUsage.Net.Tests\PackageUsage.Net.Tests.csproj", "{55713983-1638-427F-B3EF-A72FCC21DCB4}"
EndProject
Project("{2150E333-8FDC-42A3-9474-1A3956D46DE8}") = "Solution Items", "Solution Items", "{8EC462FD-D22E-90A8-E5CE-7E832BA40C5D}"
EndProject
Project("{FAE04EC0-301F-11D3-BF4B-00C04F79EFBC}") = "PackageUsage.NetFramework.C.Tests", "PackageUsage.NetFramework.С.Tests\PackageUsage.NetFramework.C.Tests.csproj", "{187939F6-E492-4E91-9CA9-795C6F40E86E}"
EndProject
Global
	GlobalSection(SolutionConfigurationPlatforms) = preSolution
		Debug|Any CPU = Debug|Any CPU
		Release|Any CPU = Release|Any CPU
	EndGlobalSection
	GlobalSection(ProjectConfigurationPlatforms) = postSolution
		{BDBD6E16-2141-42D4-A1CC-1C9796CD62AB}.Debug|Any CPU.ActiveCfg = Debug|Any CPU
		{BDBD6E16-2141-42D4-A1CC-1C9796CD62AB}.Debug|Any CPU.Build.0 = Debug|Any CPU
		{BDBD6E16-2141-42D4-A1CC-1C9796CD62AB}.Release|Any CPU.ActiveCfg = Release|Any CPU
		{BDBD6E16-2141-42D4-A1CC-1C9796CD62AB}.Release|Any CPU.Build.0 = Release|Any CPU
		{55713983-1638-427F-B3EF-A72FCC21DCB4}.Debug|Any CPU.ActiveCfg = Debug|Any CPU
		{55713983-1638-427F-B3EF-A72FCC21DCB4}.Debug|Any CPU.Build.0 = Debug|Any CPU
		{55713983-1638-427F-B3EF-A72FCC21DCB4}.Release|Any CPU.ActiveCfg = Release|Any CPU
		{55713983-1638-427F-B3EF-A72FCC21DCB4}.Release|Any CPU.Build.0 = Release|Any CPU
		{187939F6-E492-4E91-9CA9-795C6F40E86E}.Debug|Any CPU.ActiveCfg = Debug|Any CPU
		{187939F6-E492-4E91-9CA9-795C6F40E86E}.Debug|Any CPU.Build.0 = Debug|Any CPU
		{187939F6-E492-4E91-9CA9-795C6F40E86E}.Release|Any CPU.ActiveCfg = Release|Any CPU
		{187939F6-E492-4E91-9CA9-795C6F40E86E}.Release|Any CPU.Build.0 = Release|Any CPU
	EndGlobalSection
	GlobalSection(SolutionProperties) = preSolution
		HideSolutionNode = FALSE
	EndGlobalSection
	GlobalSection(ExtensibilityGlobals) = postSolution
		SolutionGuid = {9F196400-A57C-474D-9543-F26237A0A3E8}
	EndGlobalSection
	GlobalSection(SharedMSBuildProjectFiles) = preSolution
		SharedTests\SharedTests.projitems*{187939f6-e492-4e91-9ca9-795c6f40e86e}*SharedItemsImports = 4
		SharedTests\SharedTests.projitems*{55713983-1638-427f-b3ef-a72fcc21dcb4}*SharedItemsImports = 5
		SharedTests\SharedTests.projitems*{bdbd6e16-2141-42d4-a1cc-1c9796cd62ab}*SharedItemsImports = 4
		SharedTests\SharedTests.projitems*{c6648331-8ea0-4c08-a306-338bd880e332}*SharedItemsImports = 13
	EndGlobalSection
EndGlobal
